
Microsoft Visual Studio Solution File, Format Version 12.00
# Visual Studio Version 17
VisualStudioVersion = 17.0.31903.59
MinimumVisualStudioVersion = 10.0.40219.1
Project("{FAE04EC0-301F-11D3-BF4B-00C04F79EFBC}") = "ProyectoFinal.Android", "ProyectoFinal\ProyectoFinal.Android\ProyectoFinal.Android.csproj", "{59D4793D-F949-46BA-9FE2-A58544EF46AA}"
EndProject
Project("{FAE04EC0-301F-11D3-BF4B-00C04F79EFBC}") = "ProyectoFinal.iOS", "ProyectoFinal\ProyectoFinal.iOS\ProyectoFinal.iOS.csproj", "{F91A455E-AA78-485F-A6D4-F9B45CD3FF90}"
EndProject
Project("{FAE04EC0-301F-11D3-BF4B-00C04F79EFBC}") = "ProyectoFinal", "ProyectoFinal\ProyectoFinal\ProyectoFinal.csproj", "{33DF04E8-171A-4C9D-AD81-65A100F90ADE}"
EndProject
Global
	GlobalSection(SolutionConfigurationPlatforms) = preSolution
		Debug|Any CPU = Debug|Any CPU
		Debug|iPhone = Debug|iPhone
		Debug|iPhoneSimulator = Debug|iPhoneSimulator
		Release|Any CPU = Release|Any CPU
		Release|iPhone = Release|iPhone
		Release|iPhoneSimulator = Release|iPhoneSimulator
	EndGlobalSection
	GlobalSection(ProjectConfigurationPlatforms) = postSolution
		{59D4793D-F949-46BA-9FE2-A58544EF46AA}.Debug|Any CPU.ActiveCfg = Debug|Any CPU
		{59D4793D-F949-46BA-9FE2-A58544EF46AA}.Debug|Any CPU.Build.0 = Debug|Any CPU
		{59D4793D-F949-46BA-9FE2-A58544EF46AA}.Debug|Any CPU.Deploy.0 = Debug|Any CPU
		{59D4793D-F949-46BA-9FE2-A58544EF46AA}.Debug|iPhone.ActiveCfg = Debug|Any CPU
		{59D4793D-F949-46BA-9FE2-A58544EF46AA}.Debug|iPhone.Build.0 = Debug|Any CPU
		{59D4793D-F949-46BA-9FE2-A58544EF46AA}.Debug|iPhone.Deploy.0 = Debug|Any CPU
		{59D4793D-F949-46BA-9FE2-A58544EF46AA}.Debug|iPhoneSimulator.ActiveCfg = Debug|Any CPU
		{59D4793D-F949-46BA-9FE2-A58544EF46AA}.Debug|iPhoneSimulator.Build.0 = Debug|Any CPU
		{59D4793D-F949-46BA-9FE2-A58544EF46AA}.Debug|iPhoneSimulator.Deploy.0 = Debug|Any CPU
		{59D4793D-F949-46BA-9FE2-A58544EF46AA}.Release|Any CPU.ActiveCfg = Release|Any CPU
		{59D4793D-F949-46BA-9FE2-A58544EF46AA}.Release|Any CPU.Build.0 = Release|Any CPU
		{59D4793D-F949-46BA-9FE2-A58544EF46AA}.Release|Any CPU.Deploy.0 = Release|Any CPU
		{59D4793D-F949-46BA-9FE2-A58544EF46AA}.Release|iPhone.ActiveCfg = Release|Any CPU
		{59D4793D-F949-46BA-9FE2-A58544EF46AA}.Release|iPhone.Build.0 = Release|Any CPU
		{59D4793D-F949-46BA-9FE2-A58544EF46AA}.Release|iPhone.Deploy.0 = Release|Any CPU
		{59D4793D-F949-46BA-9FE2-A58544EF46AA}.Release|iPhoneSimulator.ActiveCfg = Release|Any CPU
		{59D4793D-F949-46BA-9FE2-A58544EF46AA}.Release|iPhoneSimulator.Build.0 = Release|Any CPU
		{59D4793D-F949-46BA-9FE2-A58544EF46AA}.Release|iPhoneSimulator.Deploy.0 = Release|Any CPU
		{F91A455E-AA78-485F-A6D4-F9B45CD3FF90}.Debug|Any CPU.ActiveCfg = Debug|iPhone
		{F91A455E-AA78-485F-A6D4-F9B45CD3FF90}.Debug|Any CPU.Build.0 = Debug|iPhone
		{F91A455E-AA78-485F-A6D4-F9B45CD3FF90}.Debug|Any CPU.Deploy.0 = Debug|iPhone
		{F91A455E-AA78-485F-A6D4-F9B45CD3FF90}.Debug|iPhone.ActiveCfg = Debug|iPhone
		{F91A455E-AA78-485F-A6D4-F9B45CD3FF90}.Debug|iPhone.Build.0 = Debug|iPhone
		{F91A455E-AA78-485F-A6D4-F9B45CD3FF90}.Debug|iPhone.Deploy.0 = Debug|iPhone
		{F91A455E-AA78-485F-A6D4-F9B45CD3FF90}.Debug|iPhoneSimulator.ActiveCfg = Debug|iPhoneSimulator
		{F91A455E-AA78-485F-A6D4-F9B45CD3FF90}.Debug|iPhoneSimulator.Build.0 = Debug|iPhoneSimulator
		{F91A455E-AA78-485F-A6D4-F9B45CD3FF90}.Debug|iPhoneSimulator.Deploy.0 = Debug|iPhoneSimulator
		{F91A455E-AA78-485F-A6D4-F9B45CD3FF90}.Release|Any CPU.ActiveCfg = Release|iPhoneSimulator
		{F91A455E-AA78-485F-A6D4-F9B45CD3FF90}.Release|Any CPU.Build.0 = Release|iPhoneSimulator
		{F91A455E-AA78-485F-A6D4-F9B45CD3FF90}.Release|Any CPU.Deploy.0 = Release|iPhoneSimulator
		{F91A455E-AA78-485F-A6D4-F9B45CD3FF90}.Release|iPhone.ActiveCfg = Release|iPhone
		{F91A455E-AA78-485F-A6D4-F9B45CD3FF90}.Release|iPhone.Build.0 = Release|iPhone
		{F91A455E-AA78-485F-A6D4-F9B45CD3FF90}.Release|iPhone.Deploy.0 = Release|iPhone
		{F91A455E-AA78-485F-A6D4-F9B45CD3FF90}.Release|iPhoneSimulator.ActiveCfg = Release|iPhoneSimulator
		{F91A455E-AA78-485F-A6D4-F9B45CD3FF90}.Release|iPhoneSimulator.Build.0 = Release|iPhoneSimulator
		{F91A455E-AA78-485F-A6D4-F9B45CD3FF90}.Release|iPhoneSimulator.Deploy.0 = Release|iPhoneSimulator
		{33DF04E8-171A-4C9D-AD81-65A100F90ADE}.Debug|Any CPU.ActiveCfg = Debug|Any CPU
		{33DF04E8-171A-4C9D-AD81-65A100F90ADE}.Debug|Any CPU.Build.0 = Debug|Any CPU
		{33DF04E8-171A-4C9D-AD81-65A100F90ADE}.Debug|Any CPU.Deploy.0 = Debug|Any CPU
		{33DF04E8-171A-4C9D-AD81-65A100F90ADE}.Debug|iPhone.ActiveCfg = Debug|Any CPU
		{33DF04E8-171A-4C9D-AD81-65A100F90ADE}.Debug|iPhone.Build.0 = Debug|Any CPU
		{33DF04E8-171A-4C9D-AD81-65A100F90ADE}.Debug|iPhone.Deploy.0 = Debug|Any CPU
		{33DF04E8-171A-4C9D-AD81-65A100F90ADE}.Debug|iPhoneSimulator.ActiveCfg = Debug|Any CPU
		{33DF04E8-171A-4C9D-AD81-65A100F90ADE}.Debug|iPhoneSimulator.Build.0 = Debug|Any CPU
		{33DF04E8-171A-4C9D-AD81-65A100F90ADE}.Debug|iPhoneSimulator.Deploy.0 = Debug|Any CPU
		{33DF04E8-171A-4C9D-AD81-65A100F90ADE}.Release|Any CPU.ActiveCfg = Release|Any CPU
		{33DF04E8-171A-4C9D-AD81-65A100F90ADE}.Release|Any CPU.Build.0 = Release|Any CPU
		{33DF04E8-171A-4C9D-AD81-65A100F90ADE}.Release|Any CPU.Deploy.0 = Release|Any CPU
		{33DF04E8-171A-4C9D-AD81-65A100F90ADE}.Release|iPhone.ActiveCfg = Release|Any CPU
		{33DF04E8-171A-4C9D-AD81-65A100F90ADE}.Release|iPhone.Build.0 = Release|Any CPU
		{33DF04E8-171A-4C9D-AD81-65A100F90ADE}.Release|iPhone.Deploy.0 = Release|Any CPU
		{33DF04E8-171A-4C9D-AD81-65A100F90ADE}.Release|iPhoneSimulator.ActiveCfg = Release|Any CPU
		{33DF04E8-171A-4C9D-AD81-65A100F90ADE}.Release|iPhoneSimulator.Build.0 = Release|Any CPU
		{33DF04E8-171A-4C9D-AD81-65A100F90ADE}.Release|iPhoneSimulator.Deploy.0 = Release|Any CPU
	EndGlobalSection
	GlobalSection(SolutionProperties) = preSolution
		HideSolutionNode = FALSE
	EndGlobalSection
	GlobalSection(ExtensibilityGlobals) = postSolution
		SolutionGuid = {E948F801-6C63-48F0-B010-5E15BFC6F987}
	EndGlobalSection
EndGlobal
